
Microsoft Visual Studio Solution File, Format Version 12.00
# Visual Studio Version 17
VisualStudioVersion = 17.7.34003.232
MinimumVisualStudioVersion = 10.0.40219.1
Project("{FAE04EC0-301F-11D3-BF4B-00C04F79EFBC}") = "DataAccess", "DataAccess\DataAccess.csproj", "{DABF4E79-65FC-4E65-8EE7-C1A437B5AED5}"
EndProject
Project("{FAE04EC0-301F-11D3-BF4B-00C04F79EFBC}") = "Business", "Business\Business.csproj", "{A6429528-80E9-423F-AAED-8317E7BEC9E5}"
EndProject
Project("{FAE04EC0-301F-11D3-BF4B-00C04F79EFBC}") = "Entities", "Entities\Entities.csproj", "{006CCBC5-D336-4976-ABE2-215CE242F5F5}"
EndProject
Project("{FAE04EC0-301F-11D3-BF4B-00C04F79EFBC}") = "ConsoleUI", "ConsoleUI\ConsoleUI.csproj", "{5EEEC3D0-E406-464C-80A2-606B00DBF439}"
EndProject
Project("{FAE04EC0-301F-11D3-BF4B-00C04F79EFBC}") = "Core", "Core\Core.csproj", "{23B89D42-1979-40AF-9F03-97298705BE7B}"
EndProject
Global
	GlobalSection(SolutionConfigurationPlatforms) = preSolution
		Debug|Any CPU = Debug|Any CPU
		Release|Any CPU = Release|Any CPU
	EndGlobalSection
	GlobalSection(ProjectConfigurationPlatforms) = postSolution
		{DABF4E79-65FC-4E65-8EE7-C1A437B5AED5}.Debug|Any CPU.ActiveCfg = Debug|Any CPU
		{DABF4E79-65FC-4E65-8EE7-C1A437B5AED5}.Debug|Any CPU.Build.0 = Debug|Any CPU
		{DABF4E79-65FC-4E65-8EE7-C1A437B5AED5}.Release|Any CPU.ActiveCfg = Release|Any CPU
		{DABF4E79-65FC-4E65-8EE7-C1A437B5AED5}.Release|Any CPU.Build.0 = Release|Any CPU
		{A6429528-80E9-423F-AAED-8317E7BEC9E5}.Debug|Any CPU.ActiveCfg = Debug|Any CPU
		{A6429528-80E9-423F-AAED-8317E7BEC9E5}.Debug|Any CPU.Build.0 = Debug|Any CPU
		{A6429528-80E9-423F-AAED-8317E7BEC9E5}.Release|Any CPU.ActiveCfg = Release|Any CPU
		{A6429528-80E9-423F-AAED-8317E7BEC9E5}.Release|Any CPU.Build.0 = Release|Any CPU
		{006CCBC5-D336-4976-ABE2-215CE242F5F5}.Debug|Any CPU.ActiveCfg = Debug|Any CPU
		{006CCBC5-D336-4976-ABE2-215CE242F5F5}.Debug|Any CPU.Build.0 = Debug|Any CPU
		{006CCBC5-D336-4976-ABE2-215CE242F5F5}.Release|Any CPU.ActiveCfg = Release|Any CPU
		{006CCBC5-D336-4976-ABE2-215CE242F5F5}.Release|Any CPU.Build.0 = Release|Any CPU
		{5EEEC3D0-E406-464C-80A2-606B00DBF439}.Debug|Any CPU.ActiveCfg = Debug|Any CPU
		{5EEEC3D0-E406-464C-80A2-606B00DBF439}.Debug|Any CPU.Build.0 = Debug|Any CPU
		{5EEEC3D0-E406-464C-80A2-606B00DBF439}.Release|Any CPU.ActiveCfg = Release|Any CPU
		{5EEEC3D0-E406-464C-80A2-606B00DBF439}.Release|Any CPU.Build.0 = Release|Any CPU
		{23B89D42-1979-40AF-9F03-97298705BE7B}.Debug|Any CPU.ActiveCfg = Debug|Any CPU
		{23B89D42-1979-40AF-9F03-97298705BE7B}.Debug|Any CPU.Build.0 = Debug|Any CPU
		{23B89D42-1979-40AF-9F03-97298705BE7B}.Release|Any CPU.ActiveCfg = Release|Any CPU
		{23B89D42-1979-40AF-9F03-97298705BE7B}.Release|Any CPU.Build.0 = Release|Any CPU
	EndGlobalSection
	GlobalSection(SolutionProperties) = preSolution
		HideSolutionNode = FALSE
	EndGlobalSection
	GlobalSection(ExtensibilityGlobals) = postSolution
		SolutionGuid = {B7FAA8BC-0C32-4B22-8B06-AA51F1E19F7D}
	EndGlobalSection
EndGlobal
